<?xml version="1.0" encoding="utf-8"?>
<Project ToolsVersion="4.0" xmlns="http://schemas.microsoft.com/developer/msbuild/2003">
  <ItemGroup>
    <Filter Include="gauss_elimination">
      <UniqueIdentifier>{FAE75D53-0FA0-9402-272D-947920A6E765}</UniqueIdentifier>
    </Filter>
    <Filter Include="incr_lu">
      <UniqueIdentifier>{178E7B78-9FC5-A2B7-C62F-F9DCFB99301F}</UniqueIdentifier>
    </Filter>
    <Filter Include="lcp">
      <UniqueIdentifier>{F1D72E59-0935-5517-B0CD-1EDB23C446C1}</UniqueIdentifier>
    </Filter>
    <Filter Include="matrix">
      <UniqueIdentifier>{21B72C0B-7ADC-5C7B-4A50-FFCB90D92DD6}</UniqueIdentifier>
    </Filter>
    <Filter Include="quaternion">
      <UniqueIdentifier>{75B9AAA0-3D3E-547F-6B31-6AC0F2C503F8}</UniqueIdentifier>
    </Filter>
    <Filter Include="Source Files">
      <UniqueIdentifier>{BA03E055-4FA2-FCE3-8A1C-D348547D379C}</UniqueIdentifier>
    </Filter>
    <Filter Include="vector3">
      <UniqueIdentifier>{D03A4F8D-C20D-9980-B660-3045C5BFE516}</UniqueIdentifier>
    </Filter>
    <Filter Include="vector_fpu">
      <UniqueIdentifier>{D46C0A63-37F7-C5F9-1D14-D89D90140511}</UniqueIdentifier>
    </Filter>
    <Filter Include="VPC Scripts">
      <UniqueIdentifier>{A40EE377-781A-C6B9-0C7C-B3BE118D248E}</UniqueIdentifier>
    </Filter>
  </ItemGroup>
  <ItemGroup>
  </ItemGroup>
  <ItemGroup>
    <ClInclude Include="dense_vector.h">
      <Filter></Filter>
    </ClInclude>
    <ClInclude Include="densematrix.h">
      <Filter></Filter>
    </ClInclude>
    <ClInclude Include="densematrix_util.h">
      <Filter></Filter>
    </ClInclude>
    <ClInclude Include="eulerangles.h">
      <Filter></Filter>
    </ClInclude>
    <ClInclude Include="interval.h">
      <Filter></Filter>
    </ClInclude>
    <ClInclude Include="math.h">
      <Filter></Filter>
    </ClInclude>
    <ClInclude Include="matrix3.h">
      <Filter></Filter>
    </ClInclude>
    <ClInclude Include="odesolve.h">
      <Filter></Filter>
    </ClInclude>
    <ClInclude Include="plane.h">
      <Filter></Filter>
    </ClInclude>
    <ClInclude Include="qtransform.h">
      <Filter></Filter>
    </ClInclude>
    <ClInclude Include="ray.h">
      <Filter></Filter>
    </ClInclude>
    <ClInclude Include="rotation.h">
      <Filter></Filter>
    </ClInclude>
    <ClInclude Include="spatial_matrix.h">
      <Filter></Filter>
    </ClInclude>
    <ClInclude Include="spatial_vector.h">
      <Filter></Filter>
    </ClInclude>
    <ClInclude Include="stdafx.h">
      <Filter></Filter>
    </ClInclude>
    <ClInclude Include="transform.h">
      <Filter></Filter>
    </ClInclude>
    <ClInclude Include="types.h">
      <Filter></Filter>
    </ClInclude>
    <ClInclude Include="vecmath.h">
      <Filter></Filter>
    </ClInclude>
    <ClInclude Include="vector4.h">
      <Filter></Filter>
    </ClInclude>
    <ClInclude Include="gauss_elimination\gauss_elimination.h">
      <Filter>gauss_elimination</Filter>
    </ClInclude>
    <ClInclude Include="incr_lu\incr_lu.h">
      <Filter>incr_lu</Filter>
    </ClInclude>
    <ClInclude Include="lcp\lcp_solver.h">
      <Filter>lcp</Filter>
    </ClInclude>
    <ClInclude Include="matrix\matrix_inverter.h">
      <Filter>matrix</Filter>
    </ClInclude>
    <ClInclude Include="quaternion\quaternion.h">
      <Filter>quaternion</Filter>
    </ClInclude>
    <ClInclude Include="quaternion\quaternion_util.h">
      <Filter>quaternion</Filter>
    </ClInclude>
    <ClInclude Include="vector3\vector3.h">
      <Filter>vector3</Filter>
    </ClInclude>
    <ClInclude Include="vector3\vector3_util.h">
      <Filter>vector3</Filter>
    </ClInclude>
    <ClInclude Include="vector_fpu\vector_fpu.h">
      <Filter>vector_fpu</Filter>
    </ClInclude>
  </ItemGroup>
  <ItemGroup>
    <ClCompile Include="densematrix.cpp">
      <Filter></Filter>
    </ClCompile>
    <ClCompile Include="densematrix_util.cpp">
      <Filter></Filter>
    </ClCompile>
    <ClCompile Include="eulerangles.cpp">
      <Filter></Filter>
    </ClCompile>
    <ClCompile Include="math.cpp">
      <Filter></Filter>
    </ClCompile>
    <ClCompile Include="matrix3.cpp">
      <Filter></Filter>
    </ClCompile>
    <ClCompile Include="odesolve.cpp">
      <Filter></Filter>
    </ClCompile>
    <ClCompile Include="plane.cpp">
      <Filter></Filter>
    </ClCompile>
    <ClCompile Include="rotation.cpp">
      <Filter></Filter>
    </ClCompile>
    <ClCompile Include="spatial_matrix.cpp">
      <Filter></Filter>
    </ClCompile>
    <ClCompile Include="spatial_vector.cpp">
      <Filter></Filter>
    </ClCompile>
    <ClCompile Include="transform.cpp">
      <Filter></Filter>
    </ClCompile>
    <ClCompile Include="gauss_elimination\gauss_elimination.cpp">
      <Filter>gauss_elimination</Filter>
    </ClCompile>
    <ClCompile Include="incr_lu\incr_lu.cpp">
      <Filter>incr_lu</Filter>
    </ClCompile>
    <ClCompile Include="lcp\lcp_solver.cpp">
      <Filter>lcp</Filter>
    </ClCompile>
    <ClCompile Include="quaternion\quaternion.cpp">
      <Filter>quaternion</Filter>
    </ClCompile>
    <ClCompile Include="quaternion\quaternion_util.cpp">
      <Filter>quaternion</Filter>
    </ClCompile>
    <ClCompile Include="..\..\..\..\common\debug_lib_check.cpp">
      <Filter>Source Files</Filter>
    </ClCompile>
    <ClCompile Include="vector3\vector3.cpp">
      <Filter>vector3</Filter>
    </ClCompile>
    <ClCompile Include="vector3\vector3_util.cpp">
      <Filter>vector3</Filter>
    </ClCompile>
  </ItemGroup>
  <ItemGroup>
  </ItemGroup>
  <ItemGroup>
    <CustomBuild Include="hk_math.vpc">
      <Filter>VPC Scripts</Filter>
    </CustomBuild>
  </ItemGroup>
  <ItemGroup>
    <None Include="dense_vector.inl">
      <Filter></Filter>
    </None>
    <None Include="densematrix.inl">
      <Filter></Filter>
    </None>
    <None Include="densematrix_util.inl">
      <Filter></Filter>
    </None>
    <None Include="math.inl">
      <Filter></Filter>
    </None>
    <None Include="matrix3.inl">
      <Filter></Filter>
    </None>
    <None Include="plane.inl">
      <Filter></Filter>
    </None>
    <None Include="qtransform.inl">
      <Filter></Filter>
    </None>
    <None Include="ray.inl">
      <Filter></Filter>
    </None>
    <None Include="rotation.inl">
      <Filter></Filter>
    </None>
    <None Include="spatial_matrix.inl">
      <Filter></Filter>
    </None>
    <None Include="spatial_vector.inl">
      <Filter></Filter>
    </None>
    <None Include="transform.inl">
      <Filter></Filter>
    </None>
    <None Include="vector4.inl">
      <Filter></Filter>
    </None>
    <None Include="quaternion\quaternion.inl">
      <Filter>quaternion</Filter>
    </None>
    <None Include="vector3\vector3.inl">
      <Filter>vector3</Filter>
    </None>
    <None Include="vector3\vector3_util.inl">
      <Filter>vector3</Filter>
    </None>
    <None Include="vector_fpu\vector_fpu.inl">
      <Filter>vector_fpu</Filter>
    </None>
    <None Include="..\..\..\..\vpc_scripts\platform_dirs.vpc">
      <Filter>VPC Scripts</Filter>
    </None>
    <None Include="..\..\..\..\vpc_scripts\source_base.vpc">
      <Filter>VPC Scripts</Filter>
    </None>
    <None Include="..\..\..\..\vpc_scripts\source_lib_base.vpc">
      <Filter>VPC Scripts</Filter>
    </None>
    <None Include="..\..\..\..\vpc_scripts\source_lib_win32_base.vpc">
      <Filter>VPC Scripts</Filter>
    </None>
    <None Include="..\..\..\..\vpc_scripts\source_lib_win32_debug.vpc">
      <Filter>VPC Scripts</Filter>
    </None>
    <None Include="..\..\..\..\vpc_scripts\source_lib_win32_release.vpc">
      <Filter>VPC Scripts</Filter>
    </None>
    <None Include="..\..\..\..\vpc_scripts\source_video_base.vpc">
      <Filter>VPC Scripts</Filter>
    </None>
    <None Include="..\..\..\..\vpc_scripts\source_win32_base.vpc">
      <Filter>VPC Scripts</Filter>
    </None>
    <None Include="..\..\..\..\vpc_scripts\version.vpc">
      <Filter>VPC Scripts</Filter>
    </None>
  </ItemGroup>
</Project>
