<?xml version="1.0" encoding="utf-8"?>
<Project ToolsVersion="4.0" xmlns="http://schemas.microsoft.com/developer/msbuild/2003">
  <ItemGroup>
    <Filter Include="Audio">
      <UniqueIdentifier>{B22F0418-E8AC-915E-B66F-829D262D14A2}</UniqueIdentifier>
    </Filter>
    <Filter Include="Choreography">
      <UniqueIdentifier>{DB53A6D0-CBD7-8915-A136-0A5C23C932B6}</UniqueIdentifier>
    </Filter>
    <Filter Include="Link Libraries">
      <UniqueIdentifier>{C5D73B3A-C648-896C-B7CE-F174808E5BA5}</UniqueIdentifier>
    </Filter>
    <Filter Include="Precompiled Header">
      <UniqueIdentifier>{697CE808-5DB5-90DE-1B04-7787802D75A8}</UniqueIdentifier>
    </Filter>
    <Filter Include="Public Headers">
      <UniqueIdentifier>{70104EB0-EB8F-8C16-99FB-ED7579D3A29D}</UniqueIdentifier>
    </Filter>
    <Filter Include="Resource Files">
      <UniqueIdentifier>{FA3635CE-6C7C-7DE5-DDEB-60602507503F}</UniqueIdentifier>
    </Filter>
    <Filter Include="Source Files">
      <UniqueIdentifier>{BA03E055-4FA2-FCE3-8A1C-D348547D379C}</UniqueIdentifier>
    </Filter>
    <Filter Include="VPC Scripts">
      <UniqueIdentifier>{A40EE377-781A-C6B9-0C7C-B3BE118D248E}</UniqueIdentifier>
    </Filter>
  </ItemGroup>
  <ItemGroup>
    <Library Include="..\..\lib\public\appframework.lib">
      <Filter>Link Libraries</Filter>
    </Library>
    <Library Include="..\..\lib\public\choreoobjects.lib">
      <Filter>Link Libraries</Filter>
    </Library>
    <Library Include="..\..\lib\public\mathlib.lib">
      <Filter>Link Libraries</Filter>
    </Library>
    <Library Include="..\..\lib\common\mxtoolkitwin32.lib">
      <Filter>Link Libraries</Filter>
    </Library>
    <Library Include="..\..\lib\public\tier0.lib">
      <Filter>Link Libraries</Filter>
    </Library>
    <Library Include="..\..\lib\public\tier1.lib">
      <Filter>Link Libraries</Filter>
    </Library>
    <Library Include="..\..\lib\public\tier2.lib">
      <Filter>Link Libraries</Filter>
    </Library>
    <Library Include="..\..\lib\public\tier3.lib">
      <Filter>Link Libraries</Filter>
    </Library>
    <Library Include="..\..\lib\public\vstdlib.lib">
      <Filter>Link Libraries</Filter>
    </Library>
  </ItemGroup>
  <ItemGroup>
    <ClInclude Include="audiowaveoutput.h">
      <Filter>Audio</Filter>
    </ClInclude>
    <ClInclude Include="iscenemanagersound.h">
      <Filter>Audio</Filter>
    </ClInclude>
    <ClInclude Include="..\..\public\sentence.h">
      <Filter>Audio</Filter>
    </ClInclude>
    <ClInclude Include="snd_audio_source.h">
      <Filter>Audio</Filter>
    </ClInclude>
    <ClInclude Include="snd_wave_mixer.h">
      <Filter>Audio</Filter>
    </ClInclude>
    <ClInclude Include="snd_wave_mixer_adpcm.h">
      <Filter>Audio</Filter>
    </ClInclude>
    <ClInclude Include="snd_wave_mixer_private.h">
      <Filter>Audio</Filter>
    </ClInclude>
    <ClInclude Include="snd_wave_source.h">
      <Filter>Audio</Filter>
    </ClInclude>
    <ClInclude Include="sound.h">
      <Filter>Audio</Filter>
    </ClInclude>
    <ClInclude Include="..\..\game\shared\choreoactor.h">
      <Filter>Choreography</Filter>
    </ClInclude>
    <ClInclude Include="..\..\game\shared\choreochannel.h">
      <Filter>Choreography</Filter>
    </ClInclude>
    <ClInclude Include="..\..\game\shared\choreoevent.h">
      <Filter>Choreography</Filter>
    </ClInclude>
    <ClInclude Include="..\..\game\shared\choreoscene.h">
      <Filter>Choreography</Filter>
    </ClInclude>
    <ClInclude Include="..\..\public\mathlib\amd3dx.h">
      <Filter>Public Headers</Filter>
    </ClInclude>
    <ClInclude Include="..\..\public\tier0\basetypes.h">
      <Filter>Public Headers</Filter>
    </ClInclude>
    <ClInclude Include="..\..\public\tier1\characterset.h">
      <Filter>Public Headers</Filter>
    </ClInclude>
    <ClInclude Include="..\common\cmdlib.h">
      <Filter>Public Headers</Filter>
    </ClInclude>
    <ClInclude Include="..\..\public\tier0\commonmacros.h">
      <Filter>Public Headers</Filter>
    </ClInclude>
    <ClInclude Include="..\..\public\tier1\convar.h">
      <Filter>Public Headers</Filter>
    </ClInclude>
    <ClInclude Include="..\..\public\tier0\dbg.h">
      <Filter>Public Headers</Filter>
    </ClInclude>
    <ClInclude Include="..\..\game\shared\ExpressionSample.h">
      <Filter>Public Headers</Filter>
    </ClInclude>
    <ClInclude Include="..\..\public\tier0\fasttimer.h">
      <Filter>Public Headers</Filter>
    </ClInclude>
    <ClInclude Include="..\..\public\filesystem.h">
      <Filter>Public Headers</Filter>
    </ClInclude>
    <ClInclude Include="..\..\public\filesystem_helpers.h">
      <Filter>Public Headers</Filter>
    </ClInclude>
    <ClInclude Include="..\common\filesystem_tools.h">
      <Filter>Public Headers</Filter>
    </ClInclude>
    <ClInclude Include="..\..\public\appframework\IAppSystem.h">
      <Filter>Public Headers</Filter>
    </ClInclude>
    <ClInclude Include="..\..\game\shared\ichoreoeventcallback.h">
      <Filter>Public Headers</Filter>
    </ClInclude>
    <ClInclude Include="..\..\public\engine\IEngineSound.h">
      <Filter>Public Headers</Filter>
    </ClInclude>
    <ClInclude Include="..\..\public\tier1\interface.h">
      <Filter>Public Headers</Filter>
    </ClInclude>
    <ClInclude Include="..\..\public\interpolatortypes.h">
      <Filter>Public Headers</Filter>
    </ClInclude>
    <ClInclude Include="..\..\game\shared\interval.h">
      <Filter>Public Headers</Filter>
    </ClInclude>
    <ClInclude Include="..\..\public\irecipientfilter.h">
      <Filter>Public Headers</Filter>
    </ClInclude>
    <ClInclude Include="..\..\game\shared\iscenetokenprocessor.h">
      <Filter>Public Headers</Filter>
    </ClInclude>
    <ClInclude Include="..\..\public\tier1\KeyValues.h">
      <Filter>Public Headers</Filter>
    </ClInclude>
    <ClInclude Include="..\..\public\mathlib\mathlib.h">
      <Filter>Public Headers</Filter>
    </ClInclude>
    <ClInclude Include="..\..\public\tier0\mem.h">
      <Filter>Public Headers</Filter>
    </ClInclude>
    <ClInclude Include="..\..\public\tier0\memdbgoff.h">
      <Filter>Public Headers</Filter>
    </ClInclude>
    <ClInclude Include="..\..\public\tier0\memdbgon.h">
      <Filter>Public Headers</Filter>
    </ClInclude>
    <ClInclude Include="..\..\public\tier1\mempool.h">
      <Filter>Public Headers</Filter>
    </ClInclude>
    <ClInclude Include="..\..\public\mxtk\mx.h">
      <Filter>Public Headers</Filter>
    </ClInclude>
    <ClInclude Include="..\..\public\mxtk\mxButton.h">
      <Filter>Public Headers</Filter>
    </ClInclude>
    <ClInclude Include="..\..\public\mxtk\mxCheckBox.h">
      <Filter>Public Headers</Filter>
    </ClInclude>
    <ClInclude Include="..\..\public\mxtk\mxChoice.h">
      <Filter>Public Headers</Filter>
    </ClInclude>
    <ClInclude Include="..\..\public\mxtk\mxChooseColor.h">
      <Filter>Public Headers</Filter>
    </ClInclude>
    <ClInclude Include="..\..\public\mxtk\mxEvent.h">
      <Filter>Public Headers</Filter>
    </ClInclude>
    <ClInclude Include="..\..\public\mxtk\mxFileDialog.h">
      <Filter>Public Headers</Filter>
    </ClInclude>
    <ClInclude Include="..\..\public\mxtk\mxGlWindow.h">
      <Filter>Public Headers</Filter>
    </ClInclude>
    <ClInclude Include="..\..\public\mxtk\mxGroupBox.h">
      <Filter>Public Headers</Filter>
    </ClInclude>
    <ClInclude Include="..\..\public\mxtk\mxInit.h">
      <Filter>Public Headers</Filter>
    </ClInclude>
    <ClInclude Include="..\..\public\mxtk\mxLabel.h">
      <Filter>Public Headers</Filter>
    </ClInclude>
    <ClInclude Include="..\..\public\mxtk\mxLineEdit.h">
      <Filter>Public Headers</Filter>
    </ClInclude>
    <ClInclude Include="..\..\public\mxtk\mxLinkedList.h">
      <Filter>Public Headers</Filter>
    </ClInclude>
    <ClInclude Include="..\..\public\mxtk\mxListBox.h">
      <Filter>Public Headers</Filter>
    </ClInclude>
    <ClInclude Include="..\..\public\mxtk\mxlistview.h">
      <Filter>Public Headers</Filter>
    </ClInclude>
    <ClInclude Include="..\..\public\mxtk\mxMenu.h">
      <Filter>Public Headers</Filter>
    </ClInclude>
    <ClInclude Include="..\..\public\mxtk\mxMenuBar.h">
      <Filter>Public Headers</Filter>
    </ClInclude>
    <ClInclude Include="..\..\public\mxtk\mxMessageBox.h">
      <Filter>Public Headers</Filter>
    </ClInclude>
    <ClInclude Include="..\..\public\mxtk\mxpath.h">
      <Filter>Public Headers</Filter>
    </ClInclude>
    <ClInclude Include="..\..\public\mxtk\mxPopupMenu.h">
      <Filter>Public Headers</Filter>
    </ClInclude>
    <ClInclude Include="..\..\public\mxtk\mxProgressBar.h">
      <Filter>Public Headers</Filter>
    </ClInclude>
    <ClInclude Include="..\..\public\mxtk\mxRadioButton.h">
      <Filter>Public Headers</Filter>
    </ClInclude>
    <ClInclude Include="..\..\public\mxtk\mxScrollbar.h">
      <Filter>Public Headers</Filter>
    </ClInclude>
    <ClInclude Include="..\..\public\mxtk\mxSlider.h">
      <Filter>Public Headers</Filter>
    </ClInclude>
    <ClInclude Include="..\..\public\mxtk\mxstring.h">
      <Filter>Public Headers</Filter>
    </ClInclude>
    <ClInclude Include="..\..\public\mxtk\mxTab.h">
      <Filter>Public Headers</Filter>
    </ClInclude>
    <ClInclude Include="..\..\public\mxtk\mxToggleButton.h">
      <Filter>Public Headers</Filter>
    </ClInclude>
    <ClInclude Include="..\..\public\mxtk\mxToolTip.h">
      <Filter>Public Headers</Filter>
    </ClInclude>
    <ClInclude Include="..\..\public\mxtk\mxTreeView.h">
      <Filter>Public Headers</Filter>
    </ClInclude>
    <ClInclude Include="..\..\public\mxtk\mxWidget.h">
      <Filter>Public Headers</Filter>
    </ClInclude>
    <ClInclude Include="..\..\public\mxtk\mxWindow.h">
      <Filter>Public Headers</Filter>
    </ClInclude>
    <ClInclude Include="..\..\public\networkvar.h">
      <Filter>Public Headers</Filter>
    </ClInclude>
    <ClInclude Include="..\..\public\tier0\platform.h">
      <Filter>Public Headers</Filter>
    </ClInclude>
    <ClInclude Include="..\..\public\tier1\processor_detect.h">
      <Filter>Public Headers</Filter>
    </ClInclude>
    <ClInclude Include="..\..\public\tier0\protected_things.h">
      <Filter>Public Headers</Filter>
    </ClInclude>
    <ClInclude Include="..\..\public\vstdlib\random.h">
      <Filter>Public Headers</Filter>
    </ClInclude>
    <ClInclude Include="..\common\scriplib.h">
      <Filter>Public Headers</Filter>
    </ClInclude>
    <ClInclude Include="..\..\game\shared\sharedInterface.h">
      <Filter>Public Headers</Filter>
    </ClInclude>
    <ClInclude Include="..\..\public\soundflags.h">
      <Filter>Public Headers</Filter>
    </ClInclude>
    <ClInclude Include="..\..\public\string_t.h">
      <Filter>Public Headers</Filter>
    </ClInclude>
    <ClInclude Include="..\..\public\tier1\strtools.h">
      <Filter>Public Headers</Filter>
    </ClInclude>
    <ClInclude Include="..\..\public\tier1\utlbuffer.h">
      <Filter>Public Headers</Filter>
    </ClInclude>
    <ClInclude Include="..\..\public\tier1\utldict.h">
      <Filter>Public Headers</Filter>
    </ClInclude>
    <ClInclude Include="..\..\public\tier1\utllinkedlist.h">
      <Filter>Public Headers</Filter>
    </ClInclude>
    <ClInclude Include="..\..\public\tier1\utlmemory.h">
      <Filter>Public Headers</Filter>
    </ClInclude>
    <ClInclude Include="..\..\public\tier1\utlrbtree.h">
      <Filter>Public Headers</Filter>
    </ClInclude>
    <ClInclude Include="..\..\public\tier1\utlsymbol.h">
      <Filter>Public Headers</Filter>
    </ClInclude>
    <ClInclude Include="..\..\public\tier1\utlvector.h">
      <Filter>Public Headers</Filter>
    </ClInclude>
    <ClInclude Include="..\..\public\mathlib\vector.h">
      <Filter>Public Headers</Filter>
    </ClInclude>
    <ClInclude Include="..\..\public\mathlib\vector2d.h">
      <Filter>Public Headers</Filter>
    </ClInclude>
    <ClInclude Include="..\..\public\vstdlib\vstdlib.h">
      <Filter>Public Headers</Filter>
    </ClInclude>
    <ClInclude Include="resource.h">
      <Filter>Resource Files</Filter>
    </ClInclude>
    <ClInclude Include="basedialogparams.h">
      <Filter>Source Files</Filter>
    </ClInclude>
    <ClInclude Include="cbase.h">
      <Filter>Source Files</Filter>
    </ClInclude>
    <ClInclude Include="drawhelper.h">
      <Filter>Source Files</Filter>
    </ClInclude>
    <ClInclude Include="ifileloader.h">
      <Filter>Source Files</Filter>
    </ClInclude>
    <ClInclude Include="inputproperties.h">
      <Filter>Source Files</Filter>
    </ClInclude>
    <ClInclude Include="itreeitem.h">
      <Filter>Source Files</Filter>
    </ClInclude>
    <ClInclude Include="multiplerequest.h">
      <Filter>Source Files</Filter>
    </ClInclude>
    <ClInclude Include="project.h">
      <Filter>Source Files</Filter>
    </ClInclude>
    <ClInclude Include="scene.h">
      <Filter>Source Files</Filter>
    </ClInclude>
    <ClInclude Include="scenemanager_tools.h">
      <Filter>Source Files</Filter>
    </ClInclude>
    <ClInclude Include="soundbrowser.h">
      <Filter>Source Files</Filter>
    </ClInclude>
    <ClInclude Include="soundentry.h">
      <Filter>Source Files</Filter>
    </ClInclude>
    <ClInclude Include="soundproperties.h">
      <Filter>Source Files</Filter>
    </ClInclude>
    <ClInclude Include="soundproperties_multiple.h">
      <Filter>Source Files</Filter>
    </ClInclude>
    <ClInclude Include="statuswindow.h">
      <Filter>Source Files</Filter>
    </ClInclude>
    <ClInclude Include="tabwindow.h">
      <Filter>Source Files</Filter>
    </ClInclude>
    <ClInclude Include="vcdfile.h">
      <Filter>Source Files</Filter>
    </ClInclude>
    <ClInclude Include="vssproperties.h">
      <Filter>Source Files</Filter>
    </ClInclude>
    <ClInclude Include="wavebrowser.h">
      <Filter>Source Files</Filter>
    </ClInclude>
    <ClInclude Include="wavefile.h">
      <Filter>Source Files</Filter>
    </ClInclude>
    <ClInclude Include="waveproperties.h">
      <Filter>Source Files</Filter>
    </ClInclude>
    <ClInclude Include="workspace.h">
      <Filter>Source Files</Filter>
    </ClInclude>
    <ClInclude Include="workspacebrowser.h">
      <Filter>Source Files</Filter>
    </ClInclude>
    <ClInclude Include="workspacemanager.h">
      <Filter>Source Files</Filter>
    </ClInclude>
  </ItemGroup>
  <ItemGroup>
    <ClCompile Include="..\..\public\sentence.cpp">
      <Filter>Audio</Filter>
    </ClCompile>
    <ClCompile Include="snd_audio_source.cpp">
      <Filter>Audio</Filter>
    </ClCompile>
    <ClCompile Include="snd_wave_mixer.cpp">
      <Filter>Audio</Filter>
    </ClCompile>
    <ClCompile Include="snd_wave_mixer_adpcm.cpp">
      <Filter>Audio</Filter>
    </ClCompile>
    <ClCompile Include="snd_wave_source.cpp">
      <Filter>Audio</Filter>
    </ClCompile>
    <ClCompile Include="sound.cpp">
      <Filter>Audio</Filter>
    </ClCompile>
    <ClCompile Include="cbase.cpp">
      <Filter>Precompiled Header</Filter>
    </ClCompile>
    <ClCompile Include="basedialogparams.cpp">
      <Filter>Source Files</Filter>
    </ClCompile>
    <ClCompile Include="..\common\cmdlib.cpp">
      <Filter>Source Files</Filter>
    </ClCompile>
    <ClCompile Include="drawhelper.cpp">
      <Filter>Source Files</Filter>
    </ClCompile>
    <ClCompile Include="fileloaderthread.cpp">
      <Filter>Source Files</Filter>
    </ClCompile>
    <ClCompile Include="..\..\public\filesystem_helpers.cpp">
      <Filter>Source Files</Filter>
    </ClCompile>
    <ClCompile Include="..\..\public\filesystem_init.cpp">
      <Filter>Source Files</Filter>
    </ClCompile>
    <ClCompile Include="..\common\filesystem_tools.cpp">
      <Filter>Source Files</Filter>
    </ClCompile>
    <ClCompile Include="inputproperties.cpp">
      <Filter>Source Files</Filter>
    </ClCompile>
    <ClCompile Include="..\..\public\interpolatortypes.cpp">
      <Filter>Source Files</Filter>
    </ClCompile>
    <ClCompile Include="..\..\game\shared\interval.cpp">
      <Filter>Source Files</Filter>
    </ClCompile>
    <ClCompile Include="itreeitem.cpp">
      <Filter>Source Files</Filter>
    </ClCompile>
    <ClCompile Include="..\..\public\tier0\memoverride.cpp">
      <Filter>Source Files</Filter>
    </ClCompile>
    <ClCompile Include="multiplerequest.cpp">
      <Filter>Source Files</Filter>
    </ClCompile>
    <ClCompile Include="project.cpp">
      <Filter>Source Files</Filter>
    </ClCompile>
    <ClCompile Include="scene.cpp">
      <Filter>Source Files</Filter>
    </ClCompile>
    <ClCompile Include="scenemanager.cpp">
      <Filter>Source Files</Filter>
    </ClCompile>
    <ClCompile Include="scenemanager_tools.cpp">
      <Filter>Source Files</Filter>
    </ClCompile>
    <ClCompile Include="..\common\scriplib.cpp">
      <Filter>Source Files</Filter>
    </ClCompile>
    <ClCompile Include="soundbrowser.cpp">
      <Filter>Source Files</Filter>
    </ClCompile>
    <ClCompile Include="soundentry.cpp">
      <Filter>Source Files</Filter>
    </ClCompile>
    <ClCompile Include="..\..\public\SoundParametersInternal.cpp">
      <Filter>Source Files</Filter>
    </ClCompile>
    <ClCompile Include="soundproperties.cpp">
      <Filter>Source Files</Filter>
    </ClCompile>
    <ClCompile Include="soundproperties_multiple.cpp">
      <Filter>Source Files</Filter>
    </ClCompile>
    <ClCompile Include="statuswindow.cpp">
      <Filter>Source Files</Filter>
    </ClCompile>
    <ClCompile Include="tabwindow.cpp">
      <Filter>Source Files</Filter>
    </ClCompile>
    <ClCompile Include="vcdfile.cpp">
      <Filter>Source Files</Filter>
    </ClCompile>
    <ClCompile Include="vssproperties.cpp">
      <Filter>Source Files</Filter>
    </ClCompile>
    <ClCompile Include="wavebrowser.cpp">
      <Filter>Source Files</Filter>
    </ClCompile>
    <ClCompile Include="wavefile.cpp">
      <Filter>Source Files</Filter>
    </ClCompile>
    <ClCompile Include="waveproperties.cpp">
      <Filter>Source Files</Filter>
    </ClCompile>
    <ClCompile Include="workspace.cpp">
      <Filter>Source Files</Filter>
    </ClCompile>
    <ClCompile Include="workspacebrowser.cpp">
      <Filter>Source Files</Filter>
    </ClCompile>
    <ClCompile Include="workspacemanager.cpp">
      <Filter>Source Files</Filter>
    </ClCompile>
  </ItemGroup>
  <ItemGroup>
    <ResourceCompile Include="scenemanager.rc">
      <Filter>Resource Files</Filter>
    </ResourceCompile>
  </ItemGroup>
  <ItemGroup>
    <CustomBuild Include="..\..\public\tier0\pointeroverride.asm">
      <Filter>Source Files</Filter>
    </CustomBuild>
    <CustomBuild Include="scenemanager.vpc">
      <Filter>VPC Scripts</Filter>
    </CustomBuild>
  </ItemGroup>
  <ItemGroup>
    <None Include="ico00001.ico">
      <Filter>Resource Files</Filter>
    </None>
    <None Include="ico00002.ico">
      <Filter>Resource Files</Filter>
    </None>
    <None Include="ico00003.ico">
      <Filter>Resource Files</Filter>
    </None>
    <None Include="ico00004.ico">
      <Filter>Resource Files</Filter>
    </None>
    <None Include="ico00005.ico">
      <Filter>Resource Files</Filter>
    </None>
    <None Include="ico00006.ico">
      <Filter>Resource Files</Filter>
    </None>
    <None Include="ico00007.ico">
      <Filter>Resource Files</Filter>
    </None>
    <None Include="icon1.ico">
      <Filter>Resource Files</Filter>
    </None>
    <None Include="project1.ico">
      <Filter>Resource Files</Filter>
    </None>
    <None Include="vcd1.ico">
      <Filter>Resource Files</Filter>
    </None>
    <None Include="wav1.ico">
      <Filter>Resource Files</Filter>
    </None>
    <None Include="workspac.ico">
      <Filter>Resource Files</Filter>
    </None>
    <None Include="..\..\vpc_scripts\loadaddress.vpc">
      <Filter>VPC Scripts</Filter>
    </None>
    <None Include="..\..\vpc_scripts\platform_dirs.vpc">
      <Filter>VPC Scripts</Filter>
    </None>
    <None Include="..\..\vpc_scripts\source_base.vpc">
      <Filter>VPC Scripts</Filter>
    </None>
    <None Include="..\..\vpc_scripts\source_exe_base.vpc">
      <Filter>VPC Scripts</Filter>
    </None>
    <None Include="..\..\vpc_scripts\source_exe_win_win32_base.vpc">
      <Filter>VPC Scripts</Filter>
    </None>
    <None Include="..\..\vpc_scripts\source_exe_win_win32_debug.vpc">
      <Filter>VPC Scripts</Filter>
    </None>
    <None Include="..\..\vpc_scripts\source_exe_win_win32_release.vpc">
      <Filter>VPC Scripts</Filter>
    </None>
    <None Include="..\..\vpc_scripts\source_video_base.vpc">
      <Filter>VPC Scripts</Filter>
    </None>
    <None Include="..\..\vpc_scripts\source_win32_base.vpc">
      <Filter>VPC Scripts</Filter>
    </None>
    <None Include="..\..\vpc_scripts\version.vpc">
      <Filter>VPC Scripts</Filter>
    </None>
  </ItemGroup>
</Project>
